#MicroXplorer Configuration settings - do not modify
Mcu.Family=STM32L0
RCC.MSI_VALUE=2097000
SH.GPXTI1.0=GPIO_EXTI1
ProjectManager.MainLocation=Core/Src
PA0-CK_IN.GPIO_Label=ChannelA
PA0-CK_IN.GPIOParameters=GPIO_Label
ProjectManager.ProjectFileName=firmware.ioc
USART2.IPParameters=VirtualMode-Asynchronous
ProjectManager.KeepUserCode=true
PA10.Mode=Asynchronous
Mcu.UserName=STM32L011D4Px
Mcu.PinsNb=10
ProjectManager.NoMain=false
RCC.PLLCLKFreq_Value=24000000
RCC.LPUARTFreq_Value=2097000
ProjectManager.functionlistsort=1-MX_GPIO_Init-GPIO-false-HAL-true,2-SystemClock_Config-RCC-false-HAL-false
SH.GPXTI0.ConfNb=1
RCC.RTCFreq_Value=37000
ProjectManager.DefaultFWLocation=true
RCC.USART2Freq_Value=2097000
NVIC.SVC_IRQn=true\:0\:0\:false\:false\:true\:false\:false
ProjectManager.DeletePrevious=true
PC14-OSC32_IN.Signal=GPIO_Output
PC15-OSC32_OUT.GPIO_Label=IR_LED
PinOutPanel.RotationAngle=0
RCC.FamilyName=M
ProjectManager.StackSize=0x400
RCC.WatchDogFreq_Value=37000
PA13.Signal=SYS_SWDIO
RCC.HSI16_VALUE=16000000
Mcu.IP2=SYS
Mcu.IP3=USART2
Mcu.IP0=NVIC
PA9.Mode=Asynchronous
Mcu.IP1=RCC
PC15-OSC32_OUT.Locked=true
Mcu.UserConstants=
ProjectManager.TargetToolchain=STM32CubeIDE
Mcu.ThirdPartyNb=0
Mcu.IPNb=4
ProjectManager.PreviousToolchain=
RCC.APB2TimFreq_Value=2097000
PA9.Signal=USART2_TX
Mcu.Pin6=PA10
Mcu.Pin7=PA13
Mcu.Pin8=PA14
Mcu.Pin9=VP_SYS_VS_Systick
PC15-OSC32_OUT.Signal=GPIO_Output
PA1.Signal=GPXTI1
RCC.AHBFreq_Value=2097000
Mcu.Pin0=PC14-OSC32_IN
Mcu.Pin1=PC15-OSC32_OUT
GPIO.groupedBy=Group By Peripherals
Mcu.Pin2=PA0-CK_IN
Mcu.Pin3=PA1
Mcu.Pin4=PA4
Mcu.Pin5=PA9
ProjectManager.ProjectBuild=false
RCC.HSE_VALUE=8000000
board=custom
PA4.Locked=true
USART2.VirtualMode-Asynchronous=VM_ASYNC
RCC.VCOOutputFreq_Value=48000000
NVIC.SysTick_IRQn=true\:0\:0\:false\:false\:true\:false\:true
ProjectManager.LastFirmware=true
ProjectManager.FirmwarePackage=STM32Cube FW_L0 V1.11.2
PA0-CK_IN.Signal=GPXTI0
MxDb.Version=DB.5.0.60
PA0-CK_IN.Locked=true
RCC.APB2Freq_Value=2097000
PA1.GPIOParameters=GPIO_Label
ProjectManager.BackupPrevious=false
MxCube.Version=5.6.1
RCC.I2C1Freq_Value=2097000
PA14.Mode=Serial_Wire
File.Version=6
PA1.GPIO_Label=ChannelB
VP_SYS_VS_Systick.Mode=SysTick
NVIC.NonMaskableInt_IRQn=true\:0\:0\:false\:false\:true\:false\:false
PA4.GPIOParameters=GPIO_Label
NVIC.PendSV_IRQn=true\:0\:0\:false\:false\:true\:false\:false
PA13.Mode=Serial_Wire
ProjectManager.FreePins=false
RCC.IPParameters=AHBFreq_Value,APB1Freq_Value,APB1TimFreq_Value,APB2Freq_Value,APB2TimFreq_Value,FamilyName,HSE_VALUE,HSI16_VALUE,HSI_VALUE,I2C1Freq_Value,LPTIMFreq_Value,LPUARTFreq_Value,LSI_VALUE,MSI_VALUE,PLLCLKFreq_Value,PWRFreq_Value,RTCFreq_Value,RTCHSEDivFreq_Value,SYSCLKFreq_VALUE,TIMFreq_Value,USART2Freq_Value,VCOOutputFreq_Value,WatchDogFreq_Value
ProjectManager.AskForMigrate=true
Mcu.Name=STM32L011D(3-4)Px
ProjectManager.HalAssertFull=false
PC14-OSC32_IN.GPIOParameters=GPIO_Label
RCC.RTCHSEDivFreq_Value=4000000
ProjectManager.ProjectName=firmware
ProjectManager.UnderRoot=true
ProjectManager.CoupleFile=false
PA4.Signal=GPXTI4
RCC.SYSCLKFreq_VALUE=2097000
Mcu.Package=TSSOP14
PA1.Locked=true
SH.GPXTI4.0=GPIO_EXTI4
NVIC.ForceEnableDMAVector=true
KeepUserPlacement=false
ProjectManager.CompilerOptimize=6
ProjectManager.ToolChainLocation=
RCC.LSI_VALUE=37000
VP_SYS_VS_Systick.Signal=SYS_VS_Systick
SH.GPXTI0.0=GPIO_EXTI0
PA10.Signal=USART2_RX
PA14.Signal=SYS_SWCLK
ProjectManager.HeapSize=0x200
NVIC.HardFault_IRQn=true\:0\:0\:false\:false\:true\:false\:false
SH.GPXTI4.ConfNb=1
ProjectManager.ComputerToolchain=false
RCC.HSI_VALUE=16000000
RCC.APB1TimFreq_Value=2097000
RCC.PWRFreq_Value=2097000
PC14-OSC32_IN.GPIO_Label=LED
PC15-OSC32_OUT.GPIOParameters=GPIO_Label
SH.GPXTI1.ConfNb=1
RCC.APB1Freq_Value=2097000
PA4.GPIO_Label=Button
ProjectManager.CustomerFirmwarePackage=
ProjectManager.DeviceId=STM32L011D4Px
PC14-OSC32_IN.Locked=true
NVIC.EXTI4_15_IRQn=true\:0\:0\:false\:false\:true\:true\:true
ProjectManager.LibraryCopy=1
RCC.LPTIMFreq_Value=2097000
NVIC.EXTI0_1_IRQn=true\:0\:0\:false\:false\:true\:true\:true
RCC.TIMFreq_Value=2097000
isbadioc=true
