#MicroXplorer Configuration settings - do not modify
Mcu.Family=STM32L0
RCC.MSI_VALUE=2097000
SH.GPXTI1.0=GPIO_EXTI1
ProjectManager.MainLocation=Core/Src
USB_DEVICE.CLASS_NAME_FS=HID
RCC.USART1Freq_Value=16000000
ProjectManager.ProjectFileName=firmware_stm32l072xx.ioc
RCC.48USBFreq_Value=48000000
ProjectManager.KeepUserCode=true
Mcu.UserName=STM32L072KZTx
Mcu.PinsNb=13
NVIC.USB_IRQn=true\:0\:0\:false\:false\:true\:false\:true
ProjectManager.NoMain=false
USB_DEVICE.VirtualModeFS=Hid_FS
RCC.LPUARTFreq_Value=16000000
RCC.PLLCLKFreq_Value=24000000
PA0.GPIO_Label=Chan_B
ProjectManager.functionlistsort=1-SystemClock_Config-RCC-false-HAL-false
PA11.Mode=Device
SH.GPXTI0.ConfNb=1
RCC.RTCFreq_Value=37000
ProjectManager.DefaultFWLocation=true
PB0.GPIO_Label=LED
RCC.USART2Freq_Value=16000000
NVIC.SVC_IRQn=true\:0\:0\:false\:false\:true\:false\:false
ProjectManager.DeletePrevious=true
RCC.TimerFreq_Value=16000000
USB_DEVICE.IPParameters=VirtualMode,VirtualModeFS,CLASS_NAME_FS
RCC.48CLKFreq_Value=24000000
PA2.GPIOParameters=GPIO_Label
PinOutPanel.RotationAngle=0
RCC.FamilyName=M
RCC.SYSCLKSource=RCC_SYSCLKSOURCE_HSI
ProjectManager.StackSize=0x400
SH.GPXTI2.0=GPIO_EXTI2
RCC.WatchDogFreq_Value=37000
RCC.HSI48MClockSelection=RCC_USBCLKSOURCE_HSI48
RCC.I2C3Freq_Value=16000000
PA13.Signal=SYS_SWDIO
Mcu.IP4=USB_DEVICE
RCC.FCLKCortexFreq_Value=16000000
RCC.HSI16_VALUE=16000000
Mcu.IP2=SYS
Mcu.IP3=USB
Mcu.IP0=NVIC
Mcu.IP1=RCC
PA12.Signal=USB_DP
SH.GPXTI2.ConfNb=1
Mcu.UserConstants=
ProjectManager.TargetToolchain=STM32CubeIDE
Mcu.ThirdPartyNb=0
RCC.HCLKFreq_Value=16000000
Mcu.IPNb=5
ProjectManager.PreviousToolchain=
RCC.APB2TimFreq_Value=16000000
Mcu.Pin6=PA11
Mcu.Pin7=PA12
Mcu.Pin8=PA13
Mcu.Pin9=PA14
RCC.LSE_VALUE=32768
PA1.Signal=GPXTI1
RCC.AHBFreq_Value=16000000
Mcu.Pin0=PA0
PB1.Locked=true
Mcu.Pin1=PA1
Mcu.Pin2=PA2
Mcu.Pin3=PB0
Mcu.Pin4=PB1
Mcu.Pin5=PA10
ProjectManager.ProjectBuild=false
PA0.Locked=true
RCC.MCOPinFreq_Value=16000000
board=custom
RCC.VCOOutputFreq_Value=48000000
NVIC.SysTick_IRQn=true\:0\:0\:false\:false\:true\:false\:true
ProjectManager.LastFirmware=true
ProjectManager.FirmwarePackage=STM32Cube FW_L0 V1.11.2
MxDb.Version=DB.5.0.60
VP_USB_DEVICE_VS_USB_DEVICE_HID_FS.Signal=USB_DEVICE_VS_USB_DEVICE_HID_FS
PB0.GPIOParameters=GPIO_Label
VP_USB_DEVICE_VS_USB_DEVICE_HID_FS.Mode=HID_FS
RCC.APB2Freq_Value=16000000
PA1.GPIOParameters=GPIO_Label
ProjectManager.BackupPrevious=false
MxCube.Version=5.6.1
RCC.VCOInputFreq_Value=16000000
RCC.I2C1Freq_Value=16000000
PA14.Mode=Serial_Wire
PB1.GPIO_Label=IR_LED
RCC.ADCFreq_Value=16000000
File.Version=6
PA1.GPIO_Label=Chan_A
PA10.GPIO_Label=VBUS_SENSE
PA10.GPIOParameters=GPIO_Label
VP_SYS_VS_Systick.Mode=SysTick
PB7.Signal=SYS_PVD_IN
NVIC.NonMaskableInt_IRQn=true\:0\:0\:false\:false\:true\:false\:false
NVIC.PendSV_IRQn=true\:0\:0\:false\:false\:true\:false\:false
PA13.Mode=Serial_Wire
ProjectManager.FreePins=false
RCC.IPParameters=48CLKFreq_Value,48RNGFreq_Value,48USBFreq_Value,ADCFreq_Value,AHBFreq_Value,APB1Freq_Value,APB1TimFreq_Value,APB2Freq_Value,APB2TimFreq_Value,FCLKCortexFreq_Value,FamilyName,HCLKFreq_Value,HSI16_VALUE,HSI48MClockSelection,HSI48_VALUE,HSI_VALUE,I2C1Freq_Value,I2C3Freq_Value,LPTIMFreq_Value,LPUARTFreq_Value,LSE_VALUE,LSI_VALUE,MCOPinFreq_Value,MSI_VALUE,PLLCLKFreq_Value,PWRFreq_Value,RTCFreq_Value,SYSCLKFreq_VALUE,SYSCLKSource,TIMFreq_Value,TimerFreq_Value,USART1Freq_Value,USART2Freq_Value,VCOInputFreq_Value,VCOOutputFreq_Value,WatchDogFreq_Value
ProjectManager.AskForMigrate=true
Mcu.Name=STM32L072K(B-Z)Tx
ProjectManager.HalAssertFull=false
PB0.Locked=true
PA2.Signal=GPXTI2
ProjectManager.ProjectName=firmware_stm32l072xx
ProjectManager.UnderRoot=true
PA0.Signal=GPXTI0
ProjectManager.CoupleFile=false
RCC.SYSCLKFreq_VALUE=16000000
Mcu.Package=LQFP32
PB1.Signal=GPIO_Output
PA1.Locked=true
PA12.Mode=Device
PA10.Locked=true
NVIC.ForceEnableDMAVector=true
KeepUserPlacement=false
ProjectManager.CompilerOptimize=6
ProjectManager.ToolChainLocation=
PA2.GPIO_Label=Button
RCC.LSI_VALUE=37000
VP_SYS_VS_Systick.Signal=SYS_VS_Systick
PB7.Mode=Mode_PVD_Ext
PA11.Signal=USB_DM
SH.GPXTI0.0=GPIO_EXTI0
PA10.Signal=GPIO_Input
PA14.Signal=SYS_SWCLK
ProjectManager.HeapSize=0x200
PA0.GPIOParameters=GPIO_Label
NVIC.HardFault_IRQn=true\:0\:0\:false\:false\:true\:false\:false
ProjectManager.ComputerToolchain=false
RCC.HSI_VALUE=16000000
Mcu.Pin11=VP_SYS_VS_Systick
Mcu.Pin12=VP_USB_DEVICE_VS_USB_DEVICE_HID_FS
Mcu.Pin10=PB7
RCC.APB1TimFreq_Value=16000000
RCC.PWRFreq_Value=16000000
RCC.48RNGFreq_Value=48000000
SH.GPXTI1.ConfNb=1
RCC.APB1Freq_Value=16000000
PB0.Signal=GPIO_Output
USB_DEVICE.VirtualMode=Hid
ProjectManager.CustomerFirmwarePackage=
ProjectManager.DeviceId=STM32L072KZTx
ProjectManager.LibraryCopy=1
RCC.HSI48_VALUE=48000000
RCC.LPTIMFreq_Value=16000000
PB1.GPIOParameters=GPIO_Label
RCC.TIMFreq_Value=16000000
PA2.Locked=true
isbadioc=false
